
Microsoft Visual Studio Solution File, Format Version 12.00
# Visual Studio Version 17
VisualStudioVersion = 17.0.31423.177
MinimumVisualStudioVersion = 10.0.40219.1
Project("{8BC9CEB8-8B4A-11D0-8D11-00A0C91BC942}") = "Heart", "Heart.vcxproj", "{F4C058F4-D665-4B15-9994-5D148BFD068C}"
EndProject
Global
	GlobalSection(SolutionConfigurationPlatforms) = preSolution
		Debug|x64 = Debug|x64
		Debug|x86 = Debug|x86
		Release|x64 = Release|x64
		Release|x86 = Release|x86
	EndGlobalSection
	GlobalSection(ProjectConfigurationPlatforms) = postSolution
		{F4C058F4-D665-4B15-9994-5D148BFD068C}.Debug|x64.ActiveCfg = Debug|x64
		{F4C058F4-D665-4B15-9994-5D148BFD068C}.Debug|x64.Build.0 = Debug|x64
		{F4C058F4-D665-4B15-9994-5D148BFD068C}.Debug|x86.ActiveCfg = Debug|Win32
		{F4C058F4-D665-4B15-9994-5D148BFD068C}.Debug|x86.Build.0 = Debug|Win32
		{F4C058F4-D665-4B15-9994-5D148BFD068C}.Release|x64.ActiveCfg = Release|x64
		{F4C058F4-D665-4B15-9994-5D148BFD068C}.Release|x64.Build.0 = Release|x64
		{F4C058F4-D665-4B15-9994-5D148BFD068C}.Release|x86.ActiveCfg = Release|Win32
		{F4C058F4-D665-4B15-9994-5D148BFD068C}.Release|x86.Build.0 = Release|Win32
	EndGlobalSection
	GlobalSection(SolutionProperties) = preSolution
		HideSolutionNode = FALSE
	EndGlobalSection
	GlobalSection(ExtensibilityGlobals) = postSolution
		SolutionGuid = {8799B228-17C4-47F4-818D-EBE62FC29DFF}
	EndGlobalSection
EndGlobal
